
Microsoft Visual Studio Solution File, Format Version 12.00
# Visual Studio 14
VisualStudioVersion = 14.0.25420.1
MinimumVisualStudioVersion = 10.0.40219.1
Project("{FAE04EC0-301F-11D3-BF4B-00C04F79EFBC}") = "ToTheMacWebApplication.Droid", "ToTheMacWebApplication\ToTheMacWebApplication.Droid\ToTheMacWebApplication.Droid.csproj", "{9153D105-98BF-4B87-AD15-CFBFF9DA263C}"
EndProject
Project("{FAE04EC0-301F-11D3-BF4B-00C04F79EFBC}") = "ToTheMacWebApplication.iOS", "ToTheMacWebApplication\ToTheMacWebApplication.iOS\ToTheMacWebApplication.iOS.csproj", "{385C5A72-0D8F-464C-9C65-1870E9B3E64E}"
EndProject
Project("{FAE04EC0-301F-11D3-BF4B-00C04F79EFBC}") = "ToTheMacWebApplication.WinPhone", "ToTheMacWebApplication\ToTheMacWebApplication.WinPhone\ToTheMacWebApplication.WinPhone.csproj", "{E71FD57E-B375-4003-9208-7B1DE34CEDB6}"
EndProject
Project("{FAE04EC0-301F-11D3-BF4B-00C04F79EFBC}") = "ToTheMacWebApplication.UWP", "ToTheMacWebApplication\ToTheMacWebApplication.UWP\ToTheMacWebApplication.UWP.csproj", "{17CA827D-6BE8-44D0-8C3C-058867B9E6EA}"
EndProject
Project("{FAE04EC0-301F-11D3-BF4B-00C04F79EFBC}") = "ToTheMacWebApplication.Windows", "ToTheMacWebApplication\ToTheMacWebApplication.Windows\ToTheMacWebApplication.Windows.csproj", "{D36ACCEB-E2F6-4EAE-A719-0367CB647FE5}"
EndProject
Project("{FAE04EC0-301F-11D3-BF4B-00C04F79EFBC}") = "ToTheMacWebApplication", "ToTheMacWebApplication\ToTheMacWebApplication\ToTheMacWebApplication.csproj", "{26D714E8-2E98-4403-B619-0FB302B29A11}"
EndProject
Global
	GlobalSection(SolutionConfigurationPlatforms) = preSolution
		Ad-Hoc|Any CPU = Ad-Hoc|Any CPU
		Ad-Hoc|ARM = Ad-Hoc|ARM
		Ad-Hoc|iPhone = Ad-Hoc|iPhone
		Ad-Hoc|iPhoneSimulator = Ad-Hoc|iPhoneSimulator
		Ad-Hoc|x64 = Ad-Hoc|x64
		Ad-Hoc|x86 = Ad-Hoc|x86
		AppStore|Any CPU = AppStore|Any CPU
		AppStore|ARM = AppStore|ARM
		AppStore|iPhone = AppStore|iPhone
		AppStore|iPhoneSimulator = AppStore|iPhoneSimulator
		AppStore|x64 = AppStore|x64
		AppStore|x86 = AppStore|x86
		Debug|Any CPU = Debug|Any CPU
		Debug|ARM = Debug|ARM
		Debug|iPhone = Debug|iPhone
		Debug|iPhoneSimulator = Debug|iPhoneSimulator
		Debug|x64 = Debug|x64
		Debug|x86 = Debug|x86
		Release|Any CPU = Release|Any CPU
		Release|ARM = Release|ARM
		Release|iPhone = Release|iPhone
		Release|iPhoneSimulator = Release|iPhoneSimulator
		Release|x64 = Release|x64
		Release|x86 = Release|x86
	EndGlobalSection
	GlobalSection(ProjectConfigurationPlatforms) = postSolution
		{9153D105-98BF-4B87-AD15-CFBFF9DA263C}.Ad-Hoc|Any CPU.ActiveCfg = Release|Any CPU
		{9153D105-98BF-4B87-AD15-CFBFF9DA263C}.Ad-Hoc|Any CPU.Build.0 = Release|Any CPU
		{9153D105-98BF-4B87-AD15-CFBFF9DA263C}.Ad-Hoc|Any CPU.Deploy.0 = Release|Any CPU
		{9153D105-98BF-4B87-AD15-CFBFF9DA263C}.Ad-Hoc|ARM.ActiveCfg = Release|Any CPU
		{9153D105-98BF-4B87-AD15-CFBFF9DA263C}.Ad-Hoc|ARM.Build.0 = Release|Any CPU
		{9153D105-98BF-4B87-AD15-CFBFF9DA263C}.Ad-Hoc|ARM.Deploy.0 = Release|Any CPU
		{9153D105-98BF-4B87-AD15-CFBFF9DA263C}.Ad-Hoc|iPhone.ActiveCfg = Release|Any CPU
		{9153D105-98BF-4B87-AD15-CFBFF9DA263C}.Ad-Hoc|iPhone.Build.0 = Release|Any CPU
		{9153D105-98BF-4B87-AD15-CFBFF9DA263C}.Ad-Hoc|iPhone.Deploy.0 = Release|Any CPU
		{9153D105-98BF-4B87-AD15-CFBFF9DA263C}.Ad-Hoc|iPhoneSimulator.ActiveCfg = Release|Any CPU
		{9153D105-98BF-4B87-AD15-CFBFF9DA263C}.Ad-Hoc|iPhoneSimulator.Build.0 = Release|Any CPU
		{9153D105-98BF-4B87-AD15-CFBFF9DA263C}.Ad-Hoc|iPhoneSimulator.Deploy.0 = Release|Any CPU
		{9153D105-98BF-4B87-AD15-CFBFF9DA263C}.Ad-Hoc|x64.ActiveCfg = Release|Any CPU
		{9153D105-98BF-4B87-AD15-CFBFF9DA263C}.Ad-Hoc|x64.Build.0 = Release|Any CPU
		{9153D105-98BF-4B87-AD15-CFBFF9DA263C}.Ad-Hoc|x64.Deploy.0 = Release|Any CPU
		{9153D105-98BF-4B87-AD15-CFBFF9DA263C}.Ad-Hoc|x86.ActiveCfg = Release|Any CPU
		{9153D105-98BF-4B87-AD15-CFBFF9DA263C}.Ad-Hoc|x86.Build.0 = Release|Any CPU
		{9153D105-98BF-4B87-AD15-CFBFF9DA263C}.Ad-Hoc|x86.Deploy.0 = Release|Any CPU
		{9153D105-98BF-4B87-AD15-CFBFF9DA263C}.AppStore|Any CPU.ActiveCfg = Release|Any CPU
		{9153D105-98BF-4B87-AD15-CFBFF9DA263C}.AppStore|Any CPU.Build.0 = Release|Any CPU
		{9153D105-98BF-4B87-AD15-CFBFF9DA263C}.AppStore|Any CPU.Deploy.0 = Release|Any CPU
		{9153D105-98BF-4B87-AD15-CFBFF9DA263C}.AppStore|ARM.ActiveCfg = Release|Any CPU
		{9153D105-98BF-4B87-AD15-CFBFF9DA263C}.AppStore|ARM.Build.0 = Release|Any CPU
		{9153D105-98BF-4B87-AD15-CFBFF9DA263C}.AppStore|ARM.Deploy.0 = Release|Any CPU
		{9153D105-98BF-4B87-AD15-CFBFF9DA263C}.AppStore|iPhone.ActiveCfg = Release|Any CPU
		{9153D105-98BF-4B87-AD15-CFBFF9DA263C}.AppStore|iPhone.Build.0 = Release|Any CPU
		{9153D105-98BF-4B87-AD15-CFBFF9DA263C}.AppStore|iPhone.Deploy.0 = Release|Any CPU
		{9153D105-98BF-4B87-AD15-CFBFF9DA263C}.AppStore|iPhoneSimulator.ActiveCfg = Release|Any CPU
		{9153D105-98BF-4B87-AD15-CFBFF9DA263C}.AppStore|iPhoneSimulator.Build.0 = Release|Any CPU
		{9153D105-98BF-4B87-AD15-CFBFF9DA263C}.AppStore|iPhoneSimulator.Deploy.0 = Release|Any CPU
		{9153D105-98BF-4B87-AD15-CFBFF9DA263C}.AppStore|x64.ActiveCfg = Release|Any CPU
		{9153D105-98BF-4B87-AD15-CFBFF9DA263C}.AppStore|x64.Build.0 = Release|Any CPU
		{9153D105-98BF-4B87-AD15-CFBFF9DA263C}.AppStore|x64.Deploy.0 = Release|Any CPU
		{9153D105-98BF-4B87-AD15-CFBFF9DA263C}.AppStore|x86.ActiveCfg = Release|Any CPU
		{9153D105-98BF-4B87-AD15-CFBFF9DA263C}.AppStore|x86.Build.0 = Release|Any CPU
		{9153D105-98BF-4B87-AD15-CFBFF9DA263C}.AppStore|x86.Deploy.0 = Release|Any CPU
		{9153D105-98BF-4B87-AD15-CFBFF9DA263C}.Debug|Any CPU.ActiveCfg = Debug|Any CPU
		{9153D105-98BF-4B87-AD15-CFBFF9DA263C}.Debug|Any CPU.Build.0 = Debug|Any CPU
		{9153D105-98BF-4B87-AD15-CFBFF9DA263C}.Debug|Any CPU.Deploy.0 = Debug|Any CPU
		{9153D105-98BF-4B87-AD15-CFBFF9DA263C}.Debug|ARM.ActiveCfg = Debug|Any CPU
		{9153D105-98BF-4B87-AD15-CFBFF9DA263C}.Debug|ARM.Build.0 = Debug|Any CPU
		{9153D105-98BF-4B87-AD15-CFBFF9DA263C}.Debug|ARM.Deploy.0 = Debug|Any CPU
		{9153D105-98BF-4B87-AD15-CFBFF9DA263C}.Debug|iPhone.ActiveCfg = Debug|Any CPU
		{9153D105-98BF-4B87-AD15-CFBFF9DA263C}.Debug|iPhone.Build.0 = Debug|Any CPU
		{9153D105-98BF-4B87-AD15-CFBFF9DA263C}.Debug|iPhone.Deploy.0 = Debug|Any CPU
		{9153D105-98BF-4B87-AD15-CFBFF9DA263C}.Debug|iPhoneSimulator.ActiveCfg = Debug|Any CPU
		{9153D105-98BF-4B87-AD15-CFBFF9DA263C}.Debug|iPhoneSimulator.Build.0 = Debug|Any CPU
		{9153D105-98BF-4B87-AD15-CFBFF9DA263C}.Debug|iPhoneSimulator.Deploy.0 = Debug|Any CPU
		{9153D105-98BF-4B87-AD15-CFBFF9DA263C}.Debug|x64.ActiveCfg = Debug|Any CPU
		{9153D105-98BF-4B87-AD15-CFBFF9DA263C}.Debug|x64.Build.0 = Debug|Any CPU
		{9153D105-98BF-4B87-AD15-CFBFF9DA263C}.Debug|x64.Deploy.0 = Debug|Any CPU
		{9153D105-98BF-4B87-AD15-CFBFF9DA263C}.Debug|x86.ActiveCfg = Debug|Any CPU
		{9153D105-98BF-4B87-AD15-CFBFF9DA263C}.Debug|x86.Build.0 = Debug|Any CPU
		{9153D105-98BF-4B87-AD15-CFBFF9DA263C}.Debug|x86.Deploy.0 = Debug|Any CPU
		{9153D105-98BF-4B87-AD15-CFBFF9DA263C}.Release|Any CPU.ActiveCfg = Release|Any CPU
		{9153D105-98BF-4B87-AD15-CFBFF9DA263C}.Release|Any CPU.Build.0 = Release|Any CPU
		{9153D105-98BF-4B87-AD15-CFBFF9DA263C}.Release|Any CPU.Deploy.0 = Release|Any CPU
		{9153D105-98BF-4B87-AD15-CFBFF9DA263C}.Release|ARM.ActiveCfg = Release|Any CPU
		{9153D105-98BF-4B87-AD15-CFBFF9DA263C}.Release|ARM.Build.0 = Release|Any CPU
		{9153D105-98BF-4B87-AD15-CFBFF9DA263C}.Release|ARM.Deploy.0 = Release|Any CPU
		{9153D105-98BF-4B87-AD15-CFBFF9DA263C}.Release|iPhone.ActiveCfg = Release|Any CPU
		{9153D105-98BF-4B87-AD15-CFBFF9DA263C}.Release|iPhone.Build.0 = Release|Any CPU
		{9153D105-98BF-4B87-AD15-CFBFF9DA263C}.Release|iPhone.Deploy.0 = Release|Any CPU
		{9153D105-98BF-4B87-AD15-CFBFF9DA263C}.Release|iPhoneSimulator.ActiveCfg = Release|Any CPU
		{9153D105-98BF-4B87-AD15-CFBFF9DA263C}.Release|iPhoneSimulator.Build.0 = Release|Any CPU
		{9153D105-98BF-4B87-AD15-CFBFF9DA263C}.Release|iPhoneSimulator.Deploy.0 = Release|Any CPU
		{9153D105-98BF-4B87-AD15-CFBFF9DA263C}.Release|x64.ActiveCfg = Release|Any CPU
		{9153D105-98BF-4B87-AD15-CFBFF9DA263C}.Release|x64.Build.0 = Release|Any CPU
		{9153D105-98BF-4B87-AD15-CFBFF9DA263C}.Release|x64.Deploy.0 = Release|Any CPU
		{9153D105-98BF-4B87-AD15-CFBFF9DA263C}.Release|x86.ActiveCfg = Release|Any CPU
		{9153D105-98BF-4B87-AD15-CFBFF9DA263C}.Release|x86.Build.0 = Release|Any CPU
		{9153D105-98BF-4B87-AD15-CFBFF9DA263C}.Release|x86.Deploy.0 = Release|Any CPU
		{385C5A72-0D8F-464C-9C65-1870E9B3E64E}.Ad-Hoc|Any CPU.ActiveCfg = Ad-Hoc|iPhone
		{385C5A72-0D8F-464C-9C65-1870E9B3E64E}.Ad-Hoc|ARM.ActiveCfg = Ad-Hoc|iPhone
		{385C5A72-0D8F-464C-9C65-1870E9B3E64E}.Ad-Hoc|iPhone.ActiveCfg = Ad-Hoc|iPhone
		{385C5A72-0D8F-464C-9C65-1870E9B3E64E}.Ad-Hoc|iPhone.Build.0 = Ad-Hoc|iPhone
		{385C5A72-0D8F-464C-9C65-1870E9B3E64E}.Ad-Hoc|iPhoneSimulator.ActiveCfg = Ad-Hoc|iPhoneSimulator
		{385C5A72-0D8F-464C-9C65-1870E9B3E64E}.Ad-Hoc|iPhoneSimulator.Build.0 = Ad-Hoc|iPhoneSimulator
		{385C5A72-0D8F-464C-9C65-1870E9B3E64E}.Ad-Hoc|x64.ActiveCfg = Ad-Hoc|iPhone
		{385C5A72-0D8F-464C-9C65-1870E9B3E64E}.Ad-Hoc|x86.ActiveCfg = Ad-Hoc|iPhone
		{385C5A72-0D8F-464C-9C65-1870E9B3E64E}.AppStore|Any CPU.ActiveCfg = AppStore|iPhone
		{385C5A72-0D8F-464C-9C65-1870E9B3E64E}.AppStore|ARM.ActiveCfg = AppStore|iPhone
		{385C5A72-0D8F-464C-9C65-1870E9B3E64E}.AppStore|iPhone.ActiveCfg = AppStore|iPhone
		{385C5A72-0D8F-464C-9C65-1870E9B3E64E}.AppStore|iPhone.Build.0 = AppStore|iPhone
		{385C5A72-0D8F-464C-9C65-1870E9B3E64E}.AppStore|iPhoneSimulator.ActiveCfg = AppStore|iPhoneSimulator
		{385C5A72-0D8F-464C-9C65-1870E9B3E64E}.AppStore|iPhoneSimulator.Build.0 = AppStore|iPhoneSimulator
		{385C5A72-0D8F-464C-9C65-1870E9B3E64E}.AppStore|x64.ActiveCfg = AppStore|iPhone
		{385C5A72-0D8F-464C-9C65-1870E9B3E64E}.AppStore|x86.ActiveCfg = AppStore|iPhone
		{385C5A72-0D8F-464C-9C65-1870E9B3E64E}.Debug|Any CPU.ActiveCfg = Debug|iPhone
		{385C5A72-0D8F-464C-9C65-1870E9B3E64E}.Debug|ARM.ActiveCfg = Debug|iPhone
		{385C5A72-0D8F-464C-9C65-1870E9B3E64E}.Debug|iPhone.ActiveCfg = Debug|iPhone
		{385C5A72-0D8F-464C-9C65-1870E9B3E64E}.Debug|iPhone.Build.0 = Debug|iPhone
		{385C5A72-0D8F-464C-9C65-1870E9B3E64E}.Debug|iPhoneSimulator.ActiveCfg = Debug|iPhoneSimulator
		{385C5A72-0D8F-464C-9C65-1870E9B3E64E}.Debug|iPhoneSimulator.Build.0 = Debug|iPhoneSimulator
		{385C5A72-0D8F-464C-9C65-1870E9B3E64E}.Debug|x64.ActiveCfg = Debug|iPhone
		{385C5A72-0D8F-464C-9C65-1870E9B3E64E}.Debug|x86.ActiveCfg = Debug|iPhone
		{385C5A72-0D8F-464C-9C65-1870E9B3E64E}.Release|Any CPU.ActiveCfg = Release|iPhone
		{385C5A72-0D8F-464C-9C65-1870E9B3E64E}.Release|ARM.ActiveCfg = Release|iPhone
		{385C5A72-0D8F-464C-9C65-1870E9B3E64E}.Release|iPhone.ActiveCfg = Release|iPhone
		{385C5A72-0D8F-464C-9C65-1870E9B3E64E}.Release|iPhone.Build.0 = Release|iPhone
		{385C5A72-0D8F-464C-9C65-1870E9B3E64E}.Release|iPhoneSimulator.ActiveCfg = Release|iPhoneSimulator
		{385C5A72-0D8F-464C-9C65-1870E9B3E64E}.Release|iPhoneSimulator.Build.0 = Release|iPhoneSimulator
		{385C5A72-0D8F-464C-9C65-1870E9B3E64E}.Release|x64.ActiveCfg = Release|iPhone
		{385C5A72-0D8F-464C-9C65-1870E9B3E64E}.Release|x86.ActiveCfg = Release|iPhone
		{E71FD57E-B375-4003-9208-7B1DE34CEDB6}.Ad-Hoc|Any CPU.ActiveCfg = Release|Any CPU
		{E71FD57E-B375-4003-9208-7B1DE34CEDB6}.Ad-Hoc|Any CPU.Build.0 = Release|Any CPU
		{E71FD57E-B375-4003-9208-7B1DE34CEDB6}.Ad-Hoc|Any CPU.Deploy.0 = Release|Any CPU
		{E71FD57E-B375-4003-9208-7B1DE34CEDB6}.Ad-Hoc|ARM.ActiveCfg = Release|ARM
		{E71FD57E-B375-4003-9208-7B1DE34CEDB6}.Ad-Hoc|ARM.Build.0 = Release|ARM
		{E71FD57E-B375-4003-9208-7B1DE34CEDB6}.Ad-Hoc|ARM.Deploy.0 = Release|ARM
		{E71FD57E-B375-4003-9208-7B1DE34CEDB6}.Ad-Hoc|iPhone.ActiveCfg = Release|Any CPU
		{E71FD57E-B375-4003-9208-7B1DE34CEDB6}.Ad-Hoc|iPhone.Build.0 = Release|Any CPU
		{E71FD57E-B375-4003-9208-7B1DE34CEDB6}.Ad-Hoc|iPhone.Deploy.0 = Release|Any CPU
		{E71FD57E-B375-4003-9208-7B1DE34CEDB6}.Ad-Hoc|iPhoneSimulator.ActiveCfg = Release|Any CPU
		{E71FD57E-B375-4003-9208-7B1DE34CEDB6}.Ad-Hoc|iPhoneSimulator.Build.0 = Release|Any CPU
		{E71FD57E-B375-4003-9208-7B1DE34CEDB6}.Ad-Hoc|iPhoneSimulator.Deploy.0 = Release|Any CPU
		{E71FD57E-B375-4003-9208-7B1DE34CEDB6}.Ad-Hoc|x64.ActiveCfg = Release|Any CPU
		{E71FD57E-B375-4003-9208-7B1DE34CEDB6}.Ad-Hoc|x64.Build.0 = Release|Any CPU
		{E71FD57E-B375-4003-9208-7B1DE34CEDB6}.Ad-Hoc|x64.Deploy.0 = Release|Any CPU
		{E71FD57E-B375-4003-9208-7B1DE34CEDB6}.Ad-Hoc|x86.ActiveCfg = Release|x86
		{E71FD57E-B375-4003-9208-7B1DE34CEDB6}.Ad-Hoc|x86.Build.0 = Release|x86
		{E71FD57E-B375-4003-9208-7B1DE34CEDB6}.Ad-Hoc|x86.Deploy.0 = Release|x86
		{E71FD57E-B375-4003-9208-7B1DE34CEDB6}.AppStore|Any CPU.ActiveCfg = Release|Any CPU
		{E71FD57E-B375-4003-9208-7B1DE34CEDB6}.AppStore|Any CPU.Build.0 = Release|Any CPU
		{E71FD57E-B375-4003-9208-7B1DE34CEDB6}.AppStore|Any CPU.Deploy.0 = Release|Any CPU
		{E71FD57E-B375-4003-9208-7B1DE34CEDB6}.AppStore|ARM.ActiveCfg = Release|ARM
		{E71FD57E-B375-4003-9208-7B1DE34CEDB6}.AppStore|ARM.Build.0 = Release|ARM
		{E71FD57E-B375-4003-9208-7B1DE34CEDB6}.AppStore|ARM.Deploy.0 = Release|ARM
		{E71FD57E-B375-4003-9208-7B1DE34CEDB6}.AppStore|iPhone.ActiveCfg = Release|Any CPU
		{E71FD57E-B375-4003-9208-7B1DE34CEDB6}.AppStore|iPhone.Build.0 = Release|Any CPU
		{E71FD57E-B375-4003-9208-7B1DE34CEDB6}.AppStore|iPhone.Deploy.0 = Release|Any CPU
		{E71FD57E-B375-4003-9208-7B1DE34CEDB6}.AppStore|iPhoneSimulator.ActiveCfg = Release|Any CPU
		{E71FD57E-B375-4003-9208-7B1DE34CEDB6}.AppStore|iPhoneSimulator.Build.0 = Release|Any CPU
		{E71FD57E-B375-4003-9208-7B1DE34CEDB6}.AppStore|iPhoneSimulator.Deploy.0 = Release|Any CPU
		{E71FD57E-B375-4003-9208-7B1DE34CEDB6}.AppStore|x64.ActiveCfg = Release|Any CPU
		{E71FD57E-B375-4003-9208-7B1DE34CEDB6}.AppStore|x64.Build.0 = Release|Any CPU
		{E71FD57E-B375-4003-9208-7B1DE34CEDB6}.AppStore|x64.Deploy.0 = Release|Any CPU
		{E71FD57E-B375-4003-9208-7B1DE34CEDB6}.AppStore|x86.ActiveCfg = Release|x86
		{E71FD57E-B375-4003-9208-7B1DE34CEDB6}.AppStore|x86.Build.0 = Release|x86
		{E71FD57E-B375-4003-9208-7B1DE34CEDB6}.AppStore|x86.Deploy.0 = Release|x86
		{E71FD57E-B375-4003-9208-7B1DE34CEDB6}.Debug|Any CPU.ActiveCfg = Debug|Any CPU
		{E71FD57E-B375-4003-9208-7B1DE34CEDB6}.Debug|Any CPU.Build.0 = Debug|Any CPU
		{E71FD57E-B375-4003-9208-7B1DE34CEDB6}.Debug|Any CPU.Deploy.0 = Debug|Any CPU
		{E71FD57E-B375-4003-9208-7B1DE34CEDB6}.Debug|ARM.ActiveCfg = Debug|ARM
		{E71FD57E-B375-4003-9208-7B1DE34CEDB6}.Debug|ARM.Build.0 = Debug|ARM
		{E71FD57E-B375-4003-9208-7B1DE34CEDB6}.Debug|ARM.Deploy.0 = Debug|ARM
		{E71FD57E-B375-4003-9208-7B1DE34CEDB6}.Debug|iPhone.ActiveCfg = Debug|Any CPU
		{E71FD57E-B375-4003-9208-7B1DE34CEDB6}.Debug|iPhone.Build.0 = Debug|Any CPU
		{E71FD57E-B375-4003-9208-7B1DE34CEDB6}.Debug|iPhone.Deploy.0 = Debug|Any CPU
		{E71FD57E-B375-4003-9208-7B1DE34CEDB6}.Debug|iPhoneSimulator.ActiveCfg = Debug|Any CPU
		{E71FD57E-B375-4003-9208-7B1DE34CEDB6}.Debug|iPhoneSimulator.Build.0 = Debug|Any CPU
		{E71FD57E-B375-4003-9208-7B1DE34CEDB6}.Debug|iPhoneSimulator.Deploy.0 = Debug|Any CPU
		{E71FD57E-B375-4003-9208-7B1DE34CEDB6}.Debug|x64.ActiveCfg = Debug|Any CPU
		{E71FD57E-B375-4003-9208-7B1DE34CEDB6}.Debug|x64.Build.0 = Debug|Any CPU
		{E71FD57E-B375-4003-9208-7B1DE34CEDB6}.Debug|x64.Deploy.0 = Debug|Any CPU
		{E71FD57E-B375-4003-9208-7B1DE34CEDB6}.Debug|x86.ActiveCfg = Debug|x86
		{E71FD57E-B375-4003-9208-7B1DE34CEDB6}.Debug|x86.Build.0 = Debug|x86
		{E71FD57E-B375-4003-9208-7B1DE34CEDB6}.Debug|x86.Deploy.0 = Debug|x86
		{E71FD57E-B375-4003-9208-7B1DE34CEDB6}.Release|Any CPU.ActiveCfg = Release|Any CPU
		{E71FD57E-B375-4003-9208-7B1DE34CEDB6}.Release|Any CPU.Build.0 = Release|Any CPU
		{E71FD57E-B375-4003-9208-7B1DE34CEDB6}.Release|Any CPU.Deploy.0 = Release|Any CPU
		{E71FD57E-B375-4003-9208-7B1DE34CEDB6}.Release|ARM.ActiveCfg = Release|ARM
		{E71FD57E-B375-4003-9208-7B1DE34CEDB6}.Release|ARM.Build.0 = Release|ARM
		{E71FD57E-B375-4003-9208-7B1DE34CEDB6}.Release|ARM.Deploy.0 = Release|ARM
		{E71FD57E-B375-4003-9208-7B1DE34CEDB6}.Release|iPhone.ActiveCfg = Release|Any CPU
		{E71FD57E-B375-4003-9208-7B1DE34CEDB6}.Release|iPhone.Build.0 = Release|Any CPU
		{E71FD57E-B375-4003-9208-7B1DE34CEDB6}.Release|iPhone.Deploy.0 = Release|Any CPU
		{E71FD57E-B375-4003-9208-7B1DE34CEDB6}.Release|iPhoneSimulator.ActiveCfg = Release|Any CPU
		{E71FD57E-B375-4003-9208-7B1DE34CEDB6}.Release|iPhoneSimulator.Build.0 = Release|Any CPU
		{E71FD57E-B375-4003-9208-7B1DE34CEDB6}.Release|iPhoneSimulator.Deploy.0 = Release|Any CPU
		{E71FD57E-B375-4003-9208-7B1DE34CEDB6}.Release|x64.ActiveCfg = Release|Any CPU
		{E71FD57E-B375-4003-9208-7B1DE34CEDB6}.Release|x64.Build.0 = Release|Any CPU
		{E71FD57E-B375-4003-9208-7B1DE34CEDB6}.Release|x64.Deploy.0 = Release|Any CPU
		{E71FD57E-B375-4003-9208-7B1DE34CEDB6}.Release|x86.ActiveCfg = Release|x86
		{E71FD57E-B375-4003-9208-7B1DE34CEDB6}.Release|x86.Build.0 = Release|x86
		{E71FD57E-B375-4003-9208-7B1DE34CEDB6}.Release|x86.Deploy.0 = Release|x86
		{17CA827D-6BE8-44D0-8C3C-058867B9E6EA}.Ad-Hoc|Any CPU.ActiveCfg = Release|x86
		{17CA827D-6BE8-44D0-8C3C-058867B9E6EA}.Ad-Hoc|Any CPU.Build.0 = Release|x86
		{17CA827D-6BE8-44D0-8C3C-058867B9E6EA}.Ad-Hoc|Any CPU.Deploy.0 = Release|x86
		{17CA827D-6BE8-44D0-8C3C-058867B9E6EA}.Ad-Hoc|ARM.ActiveCfg = Release|ARM
		{17CA827D-6BE8-44D0-8C3C-058867B9E6EA}.Ad-Hoc|ARM.Build.0 = Release|ARM
		{17CA827D-6BE8-44D0-8C3C-058867B9E6EA}.Ad-Hoc|ARM.Deploy.0 = Release|ARM
		{17CA827D-6BE8-44D0-8C3C-058867B9E6EA}.Ad-Hoc|iPhone.ActiveCfg = Release|x86
		{17CA827D-6BE8-44D0-8C3C-058867B9E6EA}.Ad-Hoc|iPhone.Build.0 = Release|x86
		{17CA827D-6BE8-44D0-8C3C-058867B9E6EA}.Ad-Hoc|iPhone.Deploy.0 = Release|x86
		{17CA827D-6BE8-44D0-8C3C-058867B9E6EA}.Ad-Hoc|iPhoneSimulator.ActiveCfg = Release|x86
		{17CA827D-6BE8-44D0-8C3C-058867B9E6EA}.Ad-Hoc|iPhoneSimulator.Build.0 = Release|x86
		{17CA827D-6BE8-44D0-8C3C-058867B9E6EA}.Ad-Hoc|iPhoneSimulator.Deploy.0 = Release|x86
		{17CA827D-6BE8-44D0-8C3C-058867B9E6EA}.Ad-Hoc|x64.ActiveCfg = Release|x64
		{17CA827D-6BE8-44D0-8C3C-058867B9E6EA}.Ad-Hoc|x64.Build.0 = Release|x64
		{17CA827D-6BE8-44D0-8C3C-058867B9E6EA}.Ad-Hoc|x64.Deploy.0 = Release|x64
		{17CA827D-6BE8-44D0-8C3C-058867B9E6EA}.Ad-Hoc|x86.ActiveCfg = Release|x86
		{17CA827D-6BE8-44D0-8C3C-058867B9E6EA}.Ad-Hoc|x86.Build.0 = Release|x86
		{17CA827D-6BE8-44D0-8C3C-058867B9E6EA}.Ad-Hoc|x86.Deploy.0 = Release|x86
		{17CA827D-6BE8-44D0-8C3C-058867B9E6EA}.AppStore|Any CPU.ActiveCfg = Release|x86
		{17CA827D-6BE8-44D0-8C3C-058867B9E6EA}.AppStore|Any CPU.Build.0 = Release|x86
		{17CA827D-6BE8-44D0-8C3C-058867B9E6EA}.AppStore|Any CPU.Deploy.0 = Release|x86
		{17CA827D-6BE8-44D0-8C3C-058867B9E6EA}.AppStore|ARM.ActiveCfg = Release|ARM
		{17CA827D-6BE8-44D0-8C3C-058867B9E6EA}.AppStore|ARM.Build.0 = Release|ARM
		{17CA827D-6BE8-44D0-8C3C-058867B9E6EA}.AppStore|ARM.Deploy.0 = Release|ARM
		{17CA827D-6BE8-44D0-8C3C-058867B9E6EA}.AppStore|iPhone.ActiveCfg = Release|x86
		{17CA827D-6BE8-44D0-8C3C-058867B9E6EA}.AppStore|iPhone.Build.0 = Release|x86
		{17CA827D-6BE8-44D0-8C3C-058867B9E6EA}.AppStore|iPhone.Deploy.0 = Release|x86
		{17CA827D-6BE8-44D0-8C3C-058867B9E6EA}.AppStore|iPhoneSimulator.ActiveCfg = Release|x86
		{17CA827D-6BE8-44D0-8C3C-058867B9E6EA}.AppStore|iPhoneSimulator.Build.0 = Release|x86
		{17CA827D-6BE8-44D0-8C3C-058867B9E6EA}.AppStore|iPhoneSimulator.Deploy.0 = Release|x86
		{17CA827D-6BE8-44D0-8C3C-058867B9E6EA}.AppStore|x64.ActiveCfg = Release|x64
		{17CA827D-6BE8-44D0-8C3C-058867B9E6EA}.AppStore|x64.Build.0 = Release|x64
		{17CA827D-6BE8-44D0-8C3C-058867B9E6EA}.AppStore|x64.Deploy.0 = Release|x64
		{17CA827D-6BE8-44D0-8C3C-058867B9E6EA}.AppStore|x86.ActiveCfg = Release|x86
		{17CA827D-6BE8-44D0-8C3C-058867B9E6EA}.AppStore|x86.Build.0 = Release|x86
		{17CA827D-6BE8-44D0-8C3C-058867B9E6EA}.AppStore|x86.Deploy.0 = Release|x86
		{17CA827D-6BE8-44D0-8C3C-058867B9E6EA}.Debug|Any CPU.ActiveCfg = Debug|x86
		{17CA827D-6BE8-44D0-8C3C-058867B9E6EA}.Debug|ARM.ActiveCfg = Debug|ARM
		{17CA827D-6BE8-44D0-8C3C-058867B9E6EA}.Debug|ARM.Build.0 = Debug|ARM
		{17CA827D-6BE8-44D0-8C3C-058867B9E6EA}.Debug|ARM.Deploy.0 = Debug|ARM
		{17CA827D-6BE8-44D0-8C3C-058867B9E6EA}.Debug|iPhone.ActiveCfg = Debug|x86
		{17CA827D-6BE8-44D0-8C3C-058867B9E6EA}.Debug|iPhoneSimulator.ActiveCfg = Debug|x86
		{17CA827D-6BE8-44D0-8C3C-058867B9E6EA}.Debug|x64.ActiveCfg = Debug|x64
		{17CA827D-6BE8-44D0-8C3C-058867B9E6EA}.Debug|x64.Build.0 = Debug|x64
		{17CA827D-6BE8-44D0-8C3C-058867B9E6EA}.Debug|x64.Deploy.0 = Debug|x64
		{17CA827D-6BE8-44D0-8C3C-058867B9E6EA}.Debug|x86.ActiveCfg = Debug|x86
		{17CA827D-6BE8-44D0-8C3C-058867B9E6EA}.Debug|x86.Build.0 = Debug|x86
		{17CA827D-6BE8-44D0-8C3C-058867B9E6EA}.Debug|x86.Deploy.0 = Debug|x86
		{17CA827D-6BE8-44D0-8C3C-058867B9E6EA}.Release|Any CPU.ActiveCfg = Release|x86
		{17CA827D-6BE8-44D0-8C3C-058867B9E6EA}.Release|ARM.ActiveCfg = Release|ARM
		{17CA827D-6BE8-44D0-8C3C-058867B9E6EA}.Release|ARM.Build.0 = Release|ARM
		{17CA827D-6BE8-44D0-8C3C-058867B9E6EA}.Release|ARM.Deploy.0 = Release|ARM
		{17CA827D-6BE8-44D0-8C3C-058867B9E6EA}.Release|iPhone.ActiveCfg = Release|x86
		{17CA827D-6BE8-44D0-8C3C-058867B9E6EA}.Release|iPhoneSimulator.ActiveCfg = Release|x86
		{17CA827D-6BE8-44D0-8C3C-058867B9E6EA}.Release|x64.ActiveCfg = Release|x64
		{17CA827D-6BE8-44D0-8C3C-058867B9E6EA}.Release|x64.Build.0 = Release|x64
		{17CA827D-6BE8-44D0-8C3C-058867B9E6EA}.Release|x64.Deploy.0 = Release|x64
		{17CA827D-6BE8-44D0-8C3C-058867B9E6EA}.Release|x86.ActiveCfg = Release|x86
		{17CA827D-6BE8-44D0-8C3C-058867B9E6EA}.Release|x86.Build.0 = Release|x86
		{17CA827D-6BE8-44D0-8C3C-058867B9E6EA}.Release|x86.Deploy.0 = Release|x86
		{D36ACCEB-E2F6-4EAE-A719-0367CB647FE5}.Ad-Hoc|Any CPU.ActiveCfg = Release|Any CPU
		{D36ACCEB-E2F6-4EAE-A719-0367CB647FE5}.Ad-Hoc|Any CPU.Build.0 = Release|Any CPU
		{D36ACCEB-E2F6-4EAE-A719-0367CB647FE5}.Ad-Hoc|Any CPU.Deploy.0 = Release|Any CPU
		{D36ACCEB-E2F6-4EAE-A719-0367CB647FE5}.Ad-Hoc|ARM.ActiveCfg = Release|ARM
		{D36ACCEB-E2F6-4EAE-A719-0367CB647FE5}.Ad-Hoc|ARM.Build.0 = Release|ARM
		{D36ACCEB-E2F6-4EAE-A719-0367CB647FE5}.Ad-Hoc|ARM.Deploy.0 = Release|ARM
		{D36ACCEB-E2F6-4EAE-A719-0367CB647FE5}.Ad-Hoc|iPhone.ActiveCfg = Release|Any CPU
		{D36ACCEB-E2F6-4EAE-A719-0367CB647FE5}.Ad-Hoc|iPhone.Build.0 = Release|Any CPU
		{D36ACCEB-E2F6-4EAE-A719-0367CB647FE5}.Ad-Hoc|iPhone.Deploy.0 = Release|Any CPU
		{D36ACCEB-E2F6-4EAE-A719-0367CB647FE5}.Ad-Hoc|iPhoneSimulator.ActiveCfg = Release|Any CPU
		{D36ACCEB-E2F6-4EAE-A719-0367CB647FE5}.Ad-Hoc|iPhoneSimulator.Build.0 = Release|Any CPU
		{D36ACCEB-E2F6-4EAE-A719-0367CB647FE5}.Ad-Hoc|iPhoneSimulator.Deploy.0 = Release|Any CPU
		{D36ACCEB-E2F6-4EAE-A719-0367CB647FE5}.Ad-Hoc|x64.ActiveCfg = Release|x64
		{D36ACCEB-E2F6-4EAE-A719-0367CB647FE5}.Ad-Hoc|x64.Build.0 = Release|x64
		{D36ACCEB-E2F6-4EAE-A719-0367CB647FE5}.Ad-Hoc|x64.Deploy.0 = Release|x64
		{D36ACCEB-E2F6-4EAE-A719-0367CB647FE5}.Ad-Hoc|x86.ActiveCfg = Release|x86
		{D36ACCEB-E2F6-4EAE-A719-0367CB647FE5}.Ad-Hoc|x86.Build.0 = Release|x86
		{D36ACCEB-E2F6-4EAE-A719-0367CB647FE5}.Ad-Hoc|x86.Deploy.0 = Release|x86
		{D36ACCEB-E2F6-4EAE-A719-0367CB647FE5}.AppStore|Any CPU.ActiveCfg = Release|Any CPU
		{D36ACCEB-E2F6-4EAE-A719-0367CB647FE5}.AppStore|Any CPU.Build.0 = Release|Any CPU
		{D36ACCEB-E2F6-4EAE-A719-0367CB647FE5}.AppStore|Any CPU.Deploy.0 = Release|Any CPU
		{D36ACCEB-E2F6-4EAE-A719-0367CB647FE5}.AppStore|ARM.ActiveCfg = Release|ARM
		{D36ACCEB-E2F6-4EAE-A719-0367CB647FE5}.AppStore|ARM.Build.0 = Release|ARM
		{D36ACCEB-E2F6-4EAE-A719-0367CB647FE5}.AppStore|ARM.Deploy.0 = Release|ARM
		{D36ACCEB-E2F6-4EAE-A719-0367CB647FE5}.AppStore|iPhone.ActiveCfg = Release|Any CPU
		{D36ACCEB-E2F6-4EAE-A719-0367CB647FE5}.AppStore|iPhone.Build.0 = Release|Any CPU
		{D36ACCEB-E2F6-4EAE-A719-0367CB647FE5}.AppStore|iPhone.Deploy.0 = Release|Any CPU
		{D36ACCEB-E2F6-4EAE-A719-0367CB647FE5}.AppStore|iPhoneSimulator.ActiveCfg = Release|Any CPU
		{D36ACCEB-E2F6-4EAE-A719-0367CB647FE5}.AppStore|iPhoneSimulator.Build.0 = Release|Any CPU
		{D36ACCEB-E2F6-4EAE-A719-0367CB647FE5}.AppStore|iPhoneSimulator.Deploy.0 = Release|Any CPU
		{D36ACCEB-E2F6-4EAE-A719-0367CB647FE5}.AppStore|x64.ActiveCfg = Release|x64
		{D36ACCEB-E2F6-4EAE-A719-0367CB647FE5}.AppStore|x64.Build.0 = Release|x64
		{D36ACCEB-E2F6-4EAE-A719-0367CB647FE5}.AppStore|x64.Deploy.0 = Release|x64
		{D36ACCEB-E2F6-4EAE-A719-0367CB647FE5}.AppStore|x86.ActiveCfg = Release|x86
		{D36ACCEB-E2F6-4EAE-A719-0367CB647FE5}.AppStore|x86.Build.0 = Release|x86
		{D36ACCEB-E2F6-4EAE-A719-0367CB647FE5}.AppStore|x86.Deploy.0 = Release|x86
		{D36ACCEB-E2F6-4EAE-A719-0367CB647FE5}.Debug|Any CPU.ActiveCfg = Debug|Any CPU
		{D36ACCEB-E2F6-4EAE-A719-0367CB647FE5}.Debug|Any CPU.Build.0 = Debug|Any CPU
		{D36ACCEB-E2F6-4EAE-A719-0367CB647FE5}.Debug|Any CPU.Deploy.0 = Debug|Any CPU
		{D36ACCEB-E2F6-4EAE-A719-0367CB647FE5}.Debug|ARM.ActiveCfg = Debug|ARM
		{D36ACCEB-E2F6-4EAE-A719-0367CB647FE5}.Debug|ARM.Build.0 = Debug|ARM
		{D36ACCEB-E2F6-4EAE-A719-0367CB647FE5}.Debug|ARM.Deploy.0 = Debug|ARM
		{D36ACCEB-E2F6-4EAE-A719-0367CB647FE5}.Debug|iPhone.ActiveCfg = Debug|Any CPU
		{D36ACCEB-E2F6-4EAE-A719-0367CB647FE5}.Debug|iPhone.Build.0 = Debug|Any CPU
		{D36ACCEB-E2F6-4EAE-A719-0367CB647FE5}.Debug|iPhone.Deploy.0 = Debug|Any CPU
		{D36ACCEB-E2F6-4EAE-A719-0367CB647FE5}.Debug|iPhoneSimulator.ActiveCfg = Debug|Any CPU
		{D36ACCEB-E2F6-4EAE-A719-0367CB647FE5}.Debug|iPhoneSimulator.Build.0 = Debug|Any CPU
		{D36ACCEB-E2F6-4EAE-A719-0367CB647FE5}.Debug|iPhoneSimulator.Deploy.0 = Debug|Any CPU
		{D36ACCEB-E2F6-4EAE-A719-0367CB647FE5}.Debug|x64.ActiveCfg = Debug|x64
		{D36ACCEB-E2F6-4EAE-A719-0367CB647FE5}.Debug|x64.Build.0 = Debug|x64
		{D36ACCEB-E2F6-4EAE-A719-0367CB647FE5}.Debug|x64.Deploy.0 = Debug|x64
		{D36ACCEB-E2F6-4EAE-A719-0367CB647FE5}.Debug|x86.ActiveCfg = Debug|x86
		{D36ACCEB-E2F6-4EAE-A719-0367CB647FE5}.Debug|x86.Build.0 = Debug|x86
		{D36ACCEB-E2F6-4EAE-A719-0367CB647FE5}.Debug|x86.Deploy.0 = Debug|x86
		{D36ACCEB-E2F6-4EAE-A719-0367CB647FE5}.Release|Any CPU.ActiveCfg = Release|Any CPU
		{D36ACCEB-E2F6-4EAE-A719-0367CB647FE5}.Release|Any CPU.Build.0 = Release|Any CPU
		{D36ACCEB-E2F6-4EAE-A719-0367CB647FE5}.Release|Any CPU.Deploy.0 = Release|Any CPU
		{D36ACCEB-E2F6-4EAE-A719-0367CB647FE5}.Release|ARM.ActiveCfg = Release|ARM
		{D36ACCEB-E2F6-4EAE-A719-0367CB647FE5}.Release|ARM.Build.0 = Release|ARM
		{D36ACCEB-E2F6-4EAE-A719-0367CB647FE5}.Release|ARM.Deploy.0 = Release|ARM
		{D36ACCEB-E2F6-4EAE-A719-0367CB647FE5}.Release|iPhone.ActiveCfg = Release|Any CPU
		{D36ACCEB-E2F6-4EAE-A719-0367CB647FE5}.Release|iPhone.Build.0 = Release|Any CPU
		{D36ACCEB-E2F6-4EAE-A719-0367CB647FE5}.Release|iPhone.Deploy.0 = Release|Any CPU
		{D36ACCEB-E2F6-4EAE-A719-0367CB647FE5}.Release|iPhoneSimulator.ActiveCfg = Release|Any CPU
		{D36ACCEB-E2F6-4EAE-A719-0367CB647FE5}.Release|iPhoneSimulator.Build.0 = Release|Any CPU
		{D36ACCEB-E2F6-4EAE-A719-0367CB647FE5}.Release|iPhoneSimulator.Deploy.0 = Release|Any CPU
		{D36ACCEB-E2F6-4EAE-A719-0367CB647FE5}.Release|x64.ActiveCfg = Release|x64
		{D36ACCEB-E2F6-4EAE-A719-0367CB647FE5}.Release|x64.Build.0 = Release|x64
		{D36ACCEB-E2F6-4EAE-A719-0367CB647FE5}.Release|x64.Deploy.0 = Release|x64
		{D36ACCEB-E2F6-4EAE-A719-0367CB647FE5}.Release|x86.ActiveCfg = Release|x86
		{D36ACCEB-E2F6-4EAE-A719-0367CB647FE5}.Release|x86.Build.0 = Release|x86
		{D36ACCEB-E2F6-4EAE-A719-0367CB647FE5}.Release|x86.Deploy.0 = Release|x86
		{26D714E8-2E98-4403-B619-0FB302B29A11}.Ad-Hoc|Any CPU.ActiveCfg = Release|Any CPU
		{26D714E8-2E98-4403-B619-0FB302B29A11}.Ad-Hoc|Any CPU.Build.0 = Release|Any CPU
		{26D714E8-2E98-4403-B619-0FB302B29A11}.Ad-Hoc|ARM.ActiveCfg = Release|Any CPU
		{26D714E8-2E98-4403-B619-0FB302B29A11}.Ad-Hoc|ARM.Build.0 = Release|Any CPU
		{26D714E8-2E98-4403-B619-0FB302B29A11}.Ad-Hoc|iPhone.ActiveCfg = Release|Any CPU
		{26D714E8-2E98-4403-B619-0FB302B29A11}.Ad-Hoc|iPhone.Build.0 = Release|Any CPU
		{26D714E8-2E98-4403-B619-0FB302B29A11}.Ad-Hoc|iPhoneSimulator.ActiveCfg = Release|Any CPU
		{26D714E8-2E98-4403-B619-0FB302B29A11}.Ad-Hoc|iPhoneSimulator.Build.0 = Release|Any CPU
		{26D714E8-2E98-4403-B619-0FB302B29A11}.Ad-Hoc|x64.ActiveCfg = Release|Any CPU
		{26D714E8-2E98-4403-B619-0FB302B29A11}.Ad-Hoc|x64.Build.0 = Release|Any CPU
		{26D714E8-2E98-4403-B619-0FB302B29A11}.Ad-Hoc|x86.ActiveCfg = Release|Any CPU
		{26D714E8-2E98-4403-B619-0FB302B29A11}.Ad-Hoc|x86.Build.0 = Release|Any CPU
		{26D714E8-2E98-4403-B619-0FB302B29A11}.AppStore|Any CPU.ActiveCfg = Release|Any CPU
		{26D714E8-2E98-4403-B619-0FB302B29A11}.AppStore|Any CPU.Build.0 = Release|Any CPU
		{26D714E8-2E98-4403-B619-0FB302B29A11}.AppStore|ARM.ActiveCfg = Release|Any CPU
		{26D714E8-2E98-4403-B619-0FB302B29A11}.AppStore|ARM.Build.0 = Release|Any CPU
		{26D714E8-2E98-4403-B619-0FB302B29A11}.AppStore|iPhone.ActiveCfg = Release|Any CPU
		{26D714E8-2E98-4403-B619-0FB302B29A11}.AppStore|iPhone.Build.0 = Release|Any CPU
		{26D714E8-2E98-4403-B619-0FB302B29A11}.AppStore|iPhoneSimulator.ActiveCfg = Release|Any CPU
		{26D714E8-2E98-4403-B619-0FB302B29A11}.AppStore|iPhoneSimulator.Build.0 = Release|Any CPU
		{26D714E8-2E98-4403-B619-0FB302B29A11}.AppStore|x64.ActiveCfg = Release|Any CPU
		{26D714E8-2E98-4403-B619-0FB302B29A11}.AppStore|x64.Build.0 = Release|Any CPU
		{26D714E8-2E98-4403-B619-0FB302B29A11}.AppStore|x86.ActiveCfg = Release|Any CPU
		{26D714E8-2E98-4403-B619-0FB302B29A11}.AppStore|x86.Build.0 = Release|Any CPU
		{26D714E8-2E98-4403-B619-0FB302B29A11}.Debug|Any CPU.ActiveCfg = Debug|Any CPU
		{26D714E8-2E98-4403-B619-0FB302B29A11}.Debug|Any CPU.Build.0 = Debug|Any CPU
		{26D714E8-2E98-4403-B619-0FB302B29A11}.Debug|ARM.ActiveCfg = Debug|Any CPU
		{26D714E8-2E98-4403-B619-0FB302B29A11}.Debug|ARM.Build.0 = Debug|Any CPU
		{26D714E8-2E98-4403-B619-0FB302B29A11}.Debug|iPhone.ActiveCfg = Debug|Any CPU
		{26D714E8-2E98-4403-B619-0FB302B29A11}.Debug|iPhone.Build.0 = Debug|Any CPU
		{26D714E8-2E98-4403-B619-0FB302B29A11}.Debug|iPhoneSimulator.ActiveCfg = Debug|Any CPU
		{26D714E8-2E98-4403-B619-0FB302B29A11}.Debug|iPhoneSimulator.Build.0 = Debug|Any CPU
		{26D714E8-2E98-4403-B619-0FB302B29A11}.Debug|x64.ActiveCfg = Debug|Any CPU
		{26D714E8-2E98-4403-B619-0FB302B29A11}.Debug|x64.Build.0 = Debug|Any CPU
		{26D714E8-2E98-4403-B619-0FB302B29A11}.Debug|x86.ActiveCfg = Debug|Any CPU
		{26D714E8-2E98-4403-B619-0FB302B29A11}.Debug|x86.Build.0 = Debug|Any CPU
		{26D714E8-2E98-4403-B619-0FB302B29A11}.Release|Any CPU.ActiveCfg = Release|Any CPU
		{26D714E8-2E98-4403-B619-0FB302B29A11}.Release|Any CPU.Build.0 = Release|Any CPU
		{26D714E8-2E98-4403-B619-0FB302B29A11}.Release|ARM.ActiveCfg = Release|Any CPU
		{26D714E8-2E98-4403-B619-0FB302B29A11}.Release|ARM.Build.0 = Release|Any CPU
		{26D714E8-2E98-4403-B619-0FB302B29A11}.Release|iPhone.ActiveCfg = Release|Any CPU
		{26D714E8-2E98-4403-B619-0FB302B29A11}.Release|iPhone.Build.0 = Release|Any CPU
		{26D714E8-2E98-4403-B619-0FB302B29A11}.Release|iPhoneSimulator.ActiveCfg = Release|Any CPU
		{26D714E8-2E98-4403-B619-0FB302B29A11}.Release|iPhoneSimulator.Build.0 = Release|Any CPU
		{26D714E8-2E98-4403-B619-0FB302B29A11}.Release|x64.ActiveCfg = Release|Any CPU
		{26D714E8-2E98-4403-B619-0FB302B29A11}.Release|x64.Build.0 = Release|Any CPU
		{26D714E8-2E98-4403-B619-0FB302B29A11}.Release|x86.ActiveCfg = Release|Any CPU
		{26D714E8-2E98-4403-B619-0FB302B29A11}.Release|x86.Build.0 = Release|Any CPU
	EndGlobalSection
	GlobalSection(SolutionProperties) = preSolution
		HideSolutionNode = FALSE
	EndGlobalSection
EndGlobal
